{
  "lockfileVersion": 1,
  "configVersion": 1,
  "workspaces": {
    "": {
      "name": "claude-command",
      "dependencies": {
        "bun-pty": "^0.4.10",
      },
    },
  },
  "packages": {
    "bun-pty": ["bun-pty@0.4.10", "", {}, "sha512-7WFtCw9MwG9gMMvkX+pwUOavNbgmfL+masMWmO9d/HdFCz8VdR+5G4Q3UCLhy2OJ/ImbWuJ1FHFmm0KdgW102w=="],
  }
}
